version = 1
revision = 1
requires-python = ">=3.12"

[[package]]
name = "annotated-types"
version = "0.7.0"
source = { registry = "https://pypi.org/simple" }
sdist = { url = "https://files.pythonhosted.org/packages/d2/e5/9d841dc73157d6d31846b4122d4fdfa8c2d1b7127e997a3a91b40ad88691/annotated_types-0.7.0-py3-none-any.whl", hash = "sha256:1f02e8b43d8bda5d3e0c034b07137f2237885b54637b3ef5a072049e6f477c77" }

[[package]]
name = "anyio"
version = "4.8.0"
source = { registry = "https://pypi.org/simple" }
dependencies = [
    { name = "idna" },
    { name = "sniffio" },
]

[[package]]
name = "fastapi"
version = "0.115.8"
source = { registry = "https://pypi.org/simple" }
dependencies = [
    { name = "pydantic" },
    { name = "starlette" },
    { name = "typing-extensions" },
]

[[package]]
name = "idna"
version = "3.10"
source = { registry = "https://pypi.org/simple" }

[[package]]
name = "pydantic"
version = "2.10.6"
source = { registry = "https://pypi.org/simple" }
dependencies = [
    { name = "annotated-types" },
    { name = "pydantic-core" },
    { name = "typing-extensions" },
]

[[package]]
name = "pydantic-core"
version = "2.27.2"
source = { registry = "https://pypi.org/simple" }
dependencies = [
    { name = "typing-extensions" },
]

[[package]]
name = "sniffio"
version = "1.3.1"
source = { registry = "https://pypi.org/simple" }

[[package]]
name = "starlette"
version = "0.45.3"
source = { registry = "https://pypi.org/simple" }
dependencies = [
    { name = "anyio" },
]

[[package]]
name = "trusted-ai-service"
version = "0.1.0"
source = { editable = "." }
dependencies = [
    { name = "fastapi" },
    { name = "pydantic" },
    { name = "uvicorn" },
]

[package.optional-dependencies]
dev = [
    { name = "httpx" },
    { name = "mypy" },
    { name = "pytest" },
    { name = "ruff" },
]

[[package]]
name = "typing-extensions"
version = "4.12.2"
source = { registry = "https://pypi.org/simple" }

[[package]]
name = "uvicorn"
version = "0.34.0"
source = { registry = "https://pypi.org/simple" }
dependencies = [
    { name = "click" },
    { name = "h11" },
]

[[package]]
name = "click"
version = "8.1.8"
source = { registry = "https://pypi.org/simple" }

[[package]]
name = "h11"
version = "0.14.0"
source = { registry = "https://pypi.org/simple" }
